// !$*UTF8*$!
{
	archiveVersion = 1;
	classes = {
	};
	objectVersion = 50;
	objects = {

/* Begin PBXBuildFile section */
		98C5A6982176149900D37FFC /* AppDelegate.swift in Sources */ = {isa = PBXBuildFile; fileRef = 98C5A6972176149900D37FFC /* AppDelegate.swift */; };
		98C5A69A2176149900D37FFC /* ViewController.swift in Sources */ = {isa = PBXBuildFile; fileRef = 98C5A6992176149900D37FFC /* ViewController.swift */; };
		98C5A69D2176149900D37FFC /* Main.storyboard in Resources */ = {isa = PBXBuildFile; fileRef = 98C5A69B2176149900D37FFC /* Main.storyboard */; };
		98C5A6A02176149A00D37FFC /* WHHS_2.xcdatamodeld in Sources */ = {isa = PBXBuildFile; fileRef = 98C5A69E2176149A00D37FFC /* WHHS_2.xcdatamodeld */; };
		98C5A6A22176149B00D37FFC /* Assets.xcassets in Resources */ = {isa = PBXBuildFile; fileRef = 98C5A6A12176149B00D37FFC /* Assets.xcassets */; };
		98C5A6A52176149B00D37FFC /* LaunchScreen.storyboard in Resources */ = {isa = PBXBuildFile; fileRef = 98C5A6A32176149B00D37FFC /* LaunchScreen.storyboard */; };
		B2050A40217A0ED3002B30D2 /* ScheduleTableViewCell.swift in Sources */ = {isa = PBXBuildFile; fileRef = B2050A3F217A0ED3002B30D2 /* ScheduleTableViewCell.swift */; };
/* End PBXBuildFile section */

/* Begin PBXFileReference section */
		98C5A6942176149900D37FFC /* WHHS.2.app */ = {isa = PBXFileReference; explicitFileType = wrapper.application; includeInIndex = 0; path = WHHS.2.app; sourceTree = BUILT_PRODUCTS_DIR; };
		98C5A6972176149900D37FFC /* AppDelegate.swift */ = {isa = PBXFileReference; lastKnownFileType = sourcecode.swift; path = AppDelegate.swift; sourceTree = "<group>"; };
		98C5A6992176149900D37FFC /* ViewController.swift */ = {isa = PBXFileReference; lastKnownFileType = sourcecode.swift; path = ViewController.swift; sourceTree = "<group>"; };
		98C5A69C2176149900D37FFC /* Base */ = {isa = PBXFileReference; explicitFileType = sourcecode.swift; name = Base; path = Base.lproj/Main.storyboard; sourceTree = "<group>"; };
		98C5A69F2176149A00D37FFC /* WHHS_2.xcdatamodel */ = {isa = PBXFileReference; lastKnownFileType = wrapper.xcdatamodel; path = WHHS_2.xcdatamodel; sourceTree = "<group>"; };
		98C5A6A12176149B00D37FFC /* Assets.xcassets */ = {isa = PBXFileReference; lastKnownFileType = folder.assetcatalog; path = Assets.xcassets; sourceTree = "<group>"; };
		98C5A6A42176149B00D37FFC /* Base */ = {isa = PBXFileReference; lastKnownFileType = file.storyboard; name = Base; path = Base.lproj/LaunchScreen.storyboard; sourceTree = "<group>"; };
		98C5A6A62176149B00D37FFC /* Info.plist */ = {isa = PBXFileReference; lastKnownFileType = text.plist.xml; path = Info.plist; sourceTree = "<group>"; };
		B2050A3F217A0ED3002B30D2 /* ScheduleTableViewCell.swift */ = {isa = PBXFileReference; lastKnownFileType = sourcecode.swift; name = ScheduleTableViewCell.swift; path = WHHS.2/ScheduleTableViewCell.swift; sourceTree = "<group>"; };
/* End PBXFileReference section */

/* Begin PBXFrameworksBuildPhase section */
		98C5A6912176149900D37FFC /* Frameworks */ = {
			isa = PBXFrameworksBuildPhase;
			buildActionMask = 2147483647;
			files = (
			);
			runOnlyForDeploymentPostprocessing = 0;
		};
/* End PBXFrameworksBuildPhase section */

/* Begin PBXGroup section */
		98C5A68B2176149900D37FFC = {
			isa = PBXGroup;
			children = (
				B2050A3F217A0ED3002B30D2 /* ScheduleTableViewCell.swift */,
				98C5A6962176149900D37FFC /* WHHS.2 */,
				98C5A6952176149900D37FFC /* Products */,
			);
			sourceTree = "<group>";
		};
		98C5A6952176149900D37FFC /* Products */ = {
			isa = PBXGroup;
			children = (
				98C5A6942176149900D37FFC /* WHHS.2.app */,
			);
			name = Products;
			sourceTree = "<group>";
		};
		98C5A6962176149900D37FFC /* WHHS.2 */ = {
			isa = PBXGroup;
			children = (
				98C5A6972176149900D37FFC /* AppDelegate.swift */,
				98C5A6992176149900D37FFC /* ViewController.swift */,
				98C5A69B2176149900D37FFC /* Main.storyboard */,
				98C5A6A12176149B00D37FFC /* Assets.xcassets */,
				98C5A6A32176149B00D37FFC /* LaunchScreen.storyboard */,
				98C5A6A62176149B00D37FFC /* Info.plist */,
				98C5A69E2176149A00D37FFC /* WHHS_2.xcdatamodeld */,
			);
			path = WHHS.2;
			sourceTree = "<group>";
		};
/* End PBXGroup section */

/* Begin PBXNativeTarget section */
		98C5A6932176149900D37FFC /* WHHS.2 */ = {
			isa = PBXNativeTarget;
			buildConfigurationList = 98C5A6A92176149B00D37FFC /* Build configuration list for PBXNativeTarget "WHHS.2" */;
			buildPhases = (
				98C5A6902176149900D37FFC /* Sources */,
				98C5A6912176149900D37FFC /* Frameworks */,
				98C5A6922176149900D37FFC /* Resources */,
			);
			buildRules = (
			);
			dependencies = (
			);
			name = WHHS.2;
			productName = WHHS.2;
			productReference = 98C5A6942176149900D37FFC /* WHHS.2.app */;
			productType = "com.apple.product-type.application";
		};
/* End PBXNativeTarget section */

/* Begin PBXProject section */
		98C5A68C2176149900D37FFC /* Project object */ = {
			isa = PBXProject;
			attributes = {
				LastSwiftUpdateCheck = 1000;
				LastUpgradeCheck = 1000;
				ORGANIZATIONNAME = "Christopher Kline";
				TargetAttributes = {
					98C5A6932176149900D37FFC = {
						CreatedOnToolsVersion = 10.0;
					};
				};
			};
			buildConfigurationList = 98C5A68F2176149900D37FFC /* Build configuration list for PBXProject "WHHS.2" */;
			compatibilityVersion = "Xcode 9.3";
			developmentRegion = en;
			hasScannedForEncodings = 0;
			knownRegions = (
				en,
				Base,
			);
			mainGroup = 98C5A68B2176149900D37FFC;
			productRefGroup = 98C5A6952176149900D37FFC /* Products */;
			projectDirPath = "";
			projectRoot = "";
			targets = (
				98C5A6932176149900D37FFC /* WHHS.2 */,
			);
		};
/* End PBXProject section */

/* Begin PBXResourcesBuildPhase section */
		98C5A6922176149900D37FFC /* Resources */ = {
			isa = PBXResourcesBuildPhase;
			buildActionMask = 2147483647;
			files = (
				98C5A6A52176149B00D37FFC /* LaunchScreen.storyboard in Resources */,
				98C5A6A22176149B00D37FFC /* Assets.xcassets in Resources */,
				98C5A69D2176149900D37FFC /* Main.storyboard in Resources */,
			);
			runOnlyForDeploymentPostprocessing = 0;
		};
/* End PBXResourcesBuildPhase section */

/* Begin PBXSourcesBuildPhase section */
		98C5A6902176149900D37FFC /* Sources */ = {
			isa = PBXSourcesBuildPhase;
			buildActionMask = 2147483647;
			files = (
				98C5A6A02176149A00D37FFC /* WHHS_2.xcdatamodeld in Sources */,
				98C5A69A2176149900D37FFC /* ViewController.swift in Sources */,
				B2050A40217A0ED3002B30D2 /* ScheduleTableViewCell.swift in Sources */,
				98C5A6982176149900D37FFC /* AppDelegate.swift in Sources */,
			);
			runOnlyForDeploymentPostprocessing = 0;
		};
/* End PBXSourcesBuildPhase section */

/* Begin PBXVariantGroup section */
		98C5A69B2176149900D37FFC /* Main.storyboard */ = {
			isa = PBXVariantGroup;
			children = (
				98C5A69C2176149900D37FFC /* Base */,
			);
			name = Main.storyboard;
			sourceTree = "<group>";
		};
		98C5A6A32176149B00D37FFC /* LaunchScreen.storyboard */ = {
			isa = PBXVariantGroup;
			children = (
				98C5A6A42176149B00D37FFC /* Base */,
			);
			name = LaunchScreen.storyboard;
			sourceTree = "<group>";
		};
/* End PBXVariantGroup section */

/* Begin XCBuildConfiguration section */
		98C5A6A72176149B00D37FFC /* Debug */ = {
			isa = XCBuildConfiguration;
			buildSettings = {
				ALWAYS_SEARCH_USER_PATHS = NO;
				CLANG_ANALYZER_NONNULL = YES;
				CLANG_ANALYZER_NUMBER_OBJECT_CONVERSION = YES_AGGRESSIVE;
				CLANG_CXX_LANGUAGE_STANDARD = "gnu++14";
				CLANG_CXX_LIBRARY = "libc++";
				CLANG_ENABLE_MODULES = YES;
				CLANG_ENABLE_OBJC_ARC = YES;
				CLANG_ENABLE_OBJC_WEAK = YES;
				CLANG_WARN_BLOCK_CAPTURE_AUTORELEASING = YES;
				CLANG_WARN_BOOL_CONVERSION = YES;
				CLANG_WARN_COMMA = YES;
				CLANG_WARN_CONSTANT_CONVERSION = YES;
				CLANG_WARN_DEPRECATED_OBJC_IMPLEMENTATIONS = YES;
				CLANG_WARN_DIRECT_OBJC_ISA_USAGE = YES_ERROR;
				CLANG_WARN_DOCUMENTATION_COMMENTS = YES;
				CLANG_WARN_EMPTY_BODY = YES;
				CLANG_WARN_ENUM_CONVERSION = YES;
				CLANG_WARN_INFINITE_RECURSION = YES;
				CLANG_WARN_INT_CONVERSION = YES;
				CLANG_WARN_NON_LITERAL_NULL_CONVERSION = YES;
				CLANG_WARN_OBJC_IMPLICIT_RETAIN_SELF = YES;
				CLANG_WARN_OBJC_LITERAL_CONVERSION = YES;
				CLANG_WARN_OBJC_ROOT_CLASS = YES_ERROR;
				CLANG_WARN_RANGE_LOOP_ANALYSIS = YES;
				CLANG_WARN_STRICT_PROTOTYPES = YES;
				CLANG_WARN_SUSPICIOUS_MOVE = YES;
				CLANG_WARN_UNGUARDED_AVAILABILITY = YES_AGGRESSIVE;
				CLANG_WARN_UNREACHABLE_CODE = YES;
				CLANG_WARN__DUPLICATE_METHOD_MATCH = YES;
				CODE_SIGN_IDENTITY = "iPhone Developer";
				COPY_PHASE_STRIP = NO;
				DEBUG_INFORMATION_FORMAT = dwarf;
				ENABLE_STRICT_OBJC_MSGSEND = YES;
				ENABLE_TESTABILITY = YES;
				GCC_C_LANGUAGE_STANDARD = gnu11;
				GCC_DYNAMIC_NO_PIC = NO;
				GCC_NO_COMMON_BLOCKS = YES;
				GCC_OPTIMIZATION_LEVEL = 0;
				GCC_PREPROCESSOR_DEFINITIONS = (
					"DEBUG=1",
					"$(inherited)",
				);
				GCC_WARN_64_TO_32_BIT_CONVERSION = YES;
				GCC_WARN_ABOUT_RETURN_TYPE = YES_ERROR;
				GCC_WARN_UNDECLARED_SELECTOR = YES;
				GCC_WARN_UNINITIALIZED_AUTOS = YES_AGGRESSIVE;
				GCC_WARN_UNUSED_FUNCTION = YES;
				GCC_WARN_UNUSED_VARIABLE = YES;
				IPHONEOS_DEPLOYMENT_TARGET = 12.0;
				MTL_ENABLE_DEBUG_INFO = INCLUDE_SOURCE;
				MTL_FAST_MATH = YES;
				ONLY_ACTIVE_ARCH = YES;
				SDKROOT = iphoneos;
				SWIFT_ACTIVE_COMPILATION_CONDITIONS = DEBUG;
				SWIFT_OPTIMIZATION_LEVEL = "-Onone";
			};
			name = Debug;
		};
		98C5A6A82176149B00D37FFC /* Release */ = {
			isa = XCBuildConfiguration;
			buildSettings = {
				ALWAYS_SEARCH_USER_PATHS = NO;
				CLANG_ANALYZER_NONNULL = YES;
				CLANG_ANALYZER_NUMBER_OBJECT_CONVERSION = YES_AGGRESSIVE;
				CLANG_CXX_LANGUAGE_STANDARD = "gnu++14";
				CLANG_CXX_LIBRARY = "libc++";
				CLANG_ENABLE_MODULES = YES;
				CLANG_ENABLE_OBJC_ARC = YES;
				CLANG_ENABLE_OBJC_WEAK = YES;
				CLANG_WARN_BLOCK_CAPTURE_AUTORELEASING = YES;
				CLANG_WARN_BOOL_CONVERSION = YES;
				CLANG_WARN_COMMA = YES;
				CLANG_WARN_CONSTANT_CONVERSION = YES;
				CLANG_WARN_DEPRECATED_OBJC_IMPLEMENTATIONS = YES;
				CLANG_WARN_DIRECT_OBJC_ISA_USAGE = YES_ERROR;
				CLANG_WARN_DOCUMENTATION_COMMENTS = YES;
				CLANG_WARN_EMPTY_BODY = YES;
				CLANG_WARN_ENUM_CONVERSION = YES;
				CLANG_WARN_INFINITE_RECURSION = YES;
				CLANG_WARN_INT_CONVERSION = YES;
				CLANG_WARN_NON_LITERAL_NULL_CONVERSION = YES;
				CLANG_WARN_OBJC_IMPLICIT_RETAIN_SELF = YES;
				CLANG_WARN_OBJC_LITERAL_CONVERSION = YES;
				CLANG_WARN_OBJC_ROOT_CLASS = YES_ERROR;
				CLANG_WARN_RANGE_LOOP_ANALYSIS = YES;
				CLANG_WARN_STRICT_PROTOTYPES = YES;
				CLANG_WARN_SUSPICIOUS_MOVE = YES;
				CLANG_WARN_UNGUARDED_AVAILABILITY = YES_AGGRESSIVE;
				CLANG_WARN_UNREACHABLE_CODE = YES;
				CLANG_WARN__DUPLICATE_METHOD_MATCH = YES;
				CODE_SIGN_IDENTITY = "iPhone Developer";
				COPY_PHASE_STRIP = NO;
				DEBUG_INFORMATION_FORMAT = "dwarf-with-dsym";
				ENABLE_NS_ASSERTIONS = NO;
				ENABLE_STRICT_OBJC_MSGSEND = YES;
				GCC_C_LANGUAGE_STANDARD = gnu11;
				GCC_NO_COMMON_BLOCKS = YES;
				GCC_WARN_64_TO_32_BIT_CONVERSION = YES;
				GCC_WARN_ABOUT_RETURN_TYPE = YES_ERROR;
				GCC_WARN_UNDECLARED_SELECTOR = YES;
				GCC_WARN_UNINITIALIZED_AUTOS = YES_AGGRESSIVE;
				GCC_WARN_UNUSED_FUNCTION = YES;
				GCC_WARN_UNUSED_VARIABLE = YES;
				IPHONEOS_DEPLOYMENT_TARGET = 12.0;
				MTL_ENABLE_DEBUG_INFO = NO;
				MTL_FAST_MATH = YES;
				SDKROOT = iphoneos;
				SWIFT_COMPILATION_MODE = wholemodule;
				SWIFT_OPTIMIZATION_LEVEL = "-O";
				VALIDATE_PRODUCT = YES;
			};
			name = Release;
		};
		98C5A6AA2176149B00D37FFC /* Debug */ = {
			isa = XCBuildConfiguration;
			buildSettings = {
				ASSETCATALOG_COMPILER_APPICON_NAME = AppIcon;
				CODE_SIGN_STYLE = Automatic;
				DEVELOPMENT_TEAM = Q688CN73C8;
				INFOPLIST_FILE = WHHS.2/Info.plist;
				LD_RUNPATH_SEARCH_PATHS = (
					"$(inherited)",
					"@executable_path/Frameworks",
				);
				PRODUCT_BUNDLE_IDENTIFIER = "Whhs.WHHS-2";
				PRODUCT_NAME = "$(TARGET_NAME)";
				SWIFT_VERSION = 4.2;
				TARGETED_DEVICE_FAMILY = "1,2";
			};
			name = Debug;
		};
		98C5A6AB2176149B00D37FFC /* Release */ = {
			isa = XCBuildConfiguration;
			buildSettings = {
				ASSETCATALOG_COMPILER_APPICON_NAME = AppIcon;
				CODE_SIGN_STYLE = Automatic;
				DEVELOPMENT_TEAM = Q688CN73C8;
				INFOPLIST_FILE = WHHS.2/Info.plist;
				LD_RUNPATH_SEARCH_PATHS = (
					"$(inherited)",
					"@executable_path/Frameworks",
				);
				PRODUCT_BUNDLE_IDENTIFIER = "Whhs.WHHS-2";
				PRODUCT_NAME = "$(TARGET_NAME)";
				SWIFT_VERSION = 4.2;
				TARGETED_DEVICE_FAMILY = "1,2";
			};
			name = Release;
		};
/* End XCBuildConfiguration section */

/* Begin XCConfigurationList section */
		98C5A68F2176149900D37FFC /* Build configuration list for PBXProject "WHHS.2" */ = {
			isa = XCConfigurationList;
			buildConfigurations = (
				98C5A6A72176149B00D37FFC /* Debug */,
				98C5A6A82176149B00D37FFC /* Release */,
			);
			defaultConfigurationIsVisible = 0;
			defaultConfigurationName = Release;
		};
		98C5A6A92176149B00D37FFC /* Build configuration list for PBXNativeTarget "WHHS.2" */ = {
			isa = XCConfigurationList;
			buildConfigurations = (
				98C5A6AA2176149B00D37FFC /* Debug */,
				98C5A6AB2176149B00D37FFC /* Release */,
			);
			defaultConfigurationIsVisible = 0;
			defaultConfigurationName = Release;
		};
/* End XCConfigurationList section */

/* Begin XCVersionGroup section */
		98C5A69E2176149A00D37FFC /* WHHS_2.xcdatamodeld */ = {
			isa = XCVersionGroup;
			children = (
				98C5A69F2176149A00D37FFC /* WHHS_2.xcdatamodel */,
			);
			currentVersion = 98C5A69F2176149A00D37FFC /* WHHS_2.xcdatamodel */;
			path = WHHS_2.xcdatamodeld;
			sourceTree = "<group>";
			versionGroupType = wrapper.xcdatamodel;
		};
/* End XCVersionGroup section */
	};
	rootObject = 98C5A68C2176149900D37FFC /* Project object */;
}
